Microsoft Visual Studio Solution File, Format Version 12.00
# Visual Studio Version 16
VisualStudioVersion = 16.0.28803.202
MinimumVisualStudioVersion = 10.0.40219.1
Project("{9A19103F-16F7-4668-BE54-9A1E7A4F7556}") = "PowerTextor.Api", "PowerTextor.Api\PowerTextor.Api.csproj", "{568B4185-C1A9-412C-A528-9AC372153DF7}"
EndProject
Project("{9A19103F-16F7-4668-BE54-9A1E7A4F7556}") = "PowerTextor.Shared", "PowerTextor.Shared\PowerTextor.Shared.csproj", "{EC0A7C0B-1DB6-4AD0-A488-5BCCB2E3A0BD}"
EndProject
Project("{9A19103F-16F7-4668-BE54-9A1E7A4F7556}") = "PowerTextor.Core", "PowerTextor.Core\PowerTextor.Core.csproj", "{197565BA-1C61-4B4F-8F34-03EDBF8BE301}"
EndProject
Project("{9A19103F-16F7-4668-BE54-9A1E7A4F7556}") = "PowerTextor.Web", "PowerTextor.Web\PowerTextor.Web.csproj", "{E6BF7A8D-5EC1-46F7-992B-9445BE9DCA43}"
EndProject
Project("{9A19103F-16F7-4668-BE54-9A1E7A4F7556}") = "PowerTextor.Functions", "PowerTextor.Functions\PowerTextor.Functions.csproj", "{F25EA593-E0DF-4BB3-8673-81613D6EA05B}"
EndProject
Project("{FAE04EC0-301F-11D3-BF4B-00C04F79EFBC}") = "PowerTextor.Webhook", "PowerTextor.Webhook\PowerTextor.Webhook.csproj", "{E85E0C70-880E-4D3A-82A8-B9742F9D6A91}"
EndProject
Project("{FAE04EC0-301F-11D3-BF4B-00C04F79EFBC}") = "PowerTextor.Webhooks", "PowerTextor.Webhooks\PowerTextor.Webhooks.csproj", "{5A7E7933-F395-477C-9350-1A84145A6DD3}"
EndProject
Global
	GlobalSection(SolutionConfigurationPlatforms) = preSolution
		Debug|Any CPU = Debug|Any CPU
		Debug|x64 = Debug|x64
		Release|Any CPU = Release|Any CPU
		Release|x64 = Release|x64
	EndGlobalSection
	GlobalSection(ProjectConfigurationPlatforms) = postSolution
		{568B4185-C1A9-412C-A528-9AC372153DF7}.Debug|Any CPU.ActiveCfg = Debug|Any CPU
		{568B4185-C1A9-412C-A528-9AC372153DF7}.Debug|Any CPU.Build.0 = Debug|Any CPU
		{568B4185-C1A9-412C-A528-9AC372153DF7}.Debug|x64.ActiveCfg = Debug|Any CPU
		{568B4185-C1A9-412C-A528-9AC372153DF7}.Debug|x64.Build.0 = Debug|Any CPU
		{568B4185-C1A9-412C-A528-9AC372153DF7}.Release|Any CPU.ActiveCfg = Release|Any CPU
		{568B4185-C1A9-412C-A528-9AC372153DF7}.Release|Any CPU.Build.0 = Release|Any CPU
		{568B4185-C1A9-412C-A528-9AC372153DF7}.Release|x64.ActiveCfg = Release|Any CPU
		{568B4185-C1A9-412C-A528-9AC372153DF7}.Release|x64.Build.0 = Release|Any CPU
		{EC0A7C0B-1DB6-4AD0-A488-5BCCB2E3A0BD}.Debug|Any CPU.ActiveCfg = Debug|Any CPU
		{EC0A7C0B-1DB6-4AD0-A488-5BCCB2E3A0BD}.Debug|Any CPU.Build.0 = Debug|Any CPU
		{EC0A7C0B-1DB6-4AD0-A488-5BCCB2E3A0BD}.Debug|x64.ActiveCfg = Debug|Any CPU
		{EC0A7C0B-1DB6-4AD0-A488-5BCCB2E3A0BD}.Debug|x64.Build.0 = Debug|Any CPU
		{EC0A7C0B-1DB6-4AD0-A488-5BCCB2E3A0BD}.Release|Any CPU.ActiveCfg = Release|Any CPU
		{EC0A7C0B-1DB6-4AD0-A488-5BCCB2E3A0BD}.Release|Any CPU.Build.0 = Release|Any CPU
		{EC0A7C0B-1DB6-4AD0-A488-5BCCB2E3A0BD}.Release|x64.ActiveCfg = Release|Any CPU
		{EC0A7C0B-1DB6-4AD0-A488-5BCCB2E3A0BD}.Release|x64.Build.0 = Release|Any CPU
		{197565BA-1C61-4B4F-8F34-03EDBF8BE301}.Debug|Any CPU.ActiveCfg = Debug|Any CPU
		{197565BA-1C61-4B4F-8F34-03EDBF8BE301}.Debug|Any CPU.Build.0 = Debug|Any CPU
		{197565BA-1C61-4B4F-8F34-03EDBF8BE301}.Debug|x64.ActiveCfg = Debug|Any CPU
		{197565BA-1C61-4B4F-8F34-03EDBF8BE301}.Debug|x64.Build.0 = Debug|Any CPU
		{197565BA-1C61-4B4F-8F34-03EDBF8BE301}.Release|Any CPU.ActiveCfg = Release|Any CPU
		{197565BA-1C61-4B4F-8F34-03EDBF8BE301}.Release|Any CPU.Build.0 = Release|Any CPU
		{197565BA-1C61-4B4F-8F34-03EDBF8BE301}.Release|x64.ActiveCfg = Release|Any CPU
		{197565BA-1C61-4B4F-8F34-03EDBF8BE301}.Release|x64.Build.0 = Release|Any CPU
		{E6BF7A8D-5EC1-46F7-992B-9445BE9DCA43}.Debug|Any CPU.ActiveCfg = Debug|Any CPU
		{E6BF7A8D-5EC1-46F7-992B-9445BE9DCA43}.Debug|Any CPU.Build.0 = Debug|Any CPU
		{E6BF7A8D-5EC1-46F7-992B-9445BE9DCA43}.Debug|x64.ActiveCfg = Debug|Any CPU
		{E6BF7A8D-5EC1-46F7-992B-9445BE9DCA43}.Debug|x64.Build.0 = Debug|Any CPU
		{E6BF7A8D-5EC1-46F7-992B-9445BE9DCA43}.Release|Any CPU.ActiveCfg = Release|Any CPU
		{E6BF7A8D-5EC1-46F7-992B-9445BE9DCA43}.Release|Any CPU.Build.0 = Release|Any CPU
		{E6BF7A8D-5EC1-46F7-992B-9445BE9DCA43}.Release|x64.ActiveCfg = Release|Any CPU
		{E6BF7A8D-5EC1-46F7-992B-9445BE9DCA43}.Release|x64.Build.0 = Release|Any CPU
		{F25EA593-E0DF-4BB3-8673-81613D6EA05B}.Debug|Any CPU.ActiveCfg = Debug|Any CPU
		{F25EA593-E0DF-4BB3-8673-81613D6EA05B}.Debug|Any CPU.Build.0 = Debug|Any CPU
		{F25EA593-E0DF-4BB3-8673-81613D6EA05B}.Debug|x64.ActiveCfg = Debug|Any CPU
		{F25EA593-E0DF-4BB3-8673-81613D6EA05B}.Debug|x64.Build.0 = Debug|Any CPU
		{F25EA593-E0DF-4BB3-8673-81613D6EA05B}.Release|Any CPU.ActiveCfg = Release|Any CPU
		{F25EA593-E0DF-4BB3-8673-81613D6EA05B}.Release|Any CPU.Build.0 = Release|Any CPU
		{F25EA593-E0DF-4BB3-8673-81613D6EA05B}.Release|x64.ActiveCfg = Release|Any CPU
		{F25EA593-E0DF-4BB3-8673-81613D6EA05B}.Release|x64.Build.0 = Release|Any CPU
		{E85E0C70-880E-4D3A-82A8-B9742F9D6A91}.Debug|Any CPU.ActiveCfg = Debug|Any CPU
		{E85E0C70-880E-4D3A-82A8-B9742F9D6A91}.Debug|Any CPU.Build.0 = Debug|Any CPU
		{E85E0C70-880E-4D3A-82A8-B9742F9D6A91}.Debug|x64.ActiveCfg = Debug|Any CPU
		{E85E0C70-880E-4D3A-82A8-B9742F9D6A91}.Debug|x64.Build.0 = Debug|Any CPU
		{E85E0C70-880E-4D3A-82A8-B9742F9D6A91}.Release|Any CPU.ActiveCfg = Release|Any CPU
		{E85E0C70-880E-4D3A-82A8-B9742F9D6A91}.Release|Any CPU.Build.0 = Release|Any CPU
		{E85E0C70-880E-4D3A-82A8-B9742F9D6A91}.Release|x64.ActiveCfg = Release|Any CPU
		{E85E0C70-880E-4D3A-82A8-B9742F9D6A91}.Release|x64.Build.0 = Release|Any CPU
		{5A7E7933-F395-477C-9350-1A84145A6DD3}.Debug|Any CPU.ActiveCfg = Debug|Any CPU
		{5A7E7933-F395-477C-9350-1A84145A6DD3}.Debug|Any CPU.Build.0 = Debug|Any CPU
		{5A7E7933-F395-477C-9350-1A84145A6DD3}.Debug|x64.ActiveCfg = Debug|Any CPU
		{5A7E7933-F395-477C-9350-1A84145A6DD3}.Debug|x64.Build.0 = Debug|Any CPU
		{5A7E7933-F395-477C-9350-1A84145A6DD3}.Release|Any CPU.ActiveCfg = Release|Any CPU
		{5A7E7933-F395-477C-9350-1A84145A6DD3}.Release|Any CPU.Build.0 = Release|Any CPU
		{5A7E7933-F395-477C-9350-1A84145A6DD3}.Release|x64.ActiveCfg = Release|Any CPU
		{5A7E7933-F395-477C-9350-1A84145A6DD3}.Release|x64.Build.0 = Release|Any CPU
	EndGlobalSection
	GlobalSection(SolutionProperties) = preSolution
		HideSolutionNode = FALSE
	EndGlobalSection
	GlobalSection(ExtensibilityGlobals) = postSolution
		SolutionGuid = {1FF96117-7B05-4560-8CFB-381710CE6B79}
	EndGlobalSection
	GlobalSection(MonoDevelopProperties) = preSolution
		Policies = $0
		$0.DotNetNamingPolicy = $1
		$1.DirectoryNamespaceAssociation = PrefixedHierarchical
	EndGlobalSection
EndGlobal
